
Microsoft Visual Studio Solution File, Format Version 12.00
# Visual Studio 14
VisualStudioVersion = 14.0.25420.1
MinimumVisualStudioVersion = 10.0.40219.1
Project("{FAE04EC0-301F-11D3-BF4B-00C04F79EFBC}") = "RectangleStars", "RectangleStars\RectangleStars.csproj", "{F3C33FEC-7D4E-4EE8-82AF-3BFBE1D6FF2A}"
EndProject
Project("{FAE04EC0-301F-11D3-BF4B-00C04F79EFBC}") = "RectangleOf10x10Stars", "RectangleOf10x10Stars\RectangleOf10x10Stars.csproj", "{63BD683A-638B-415A-BA5B-59B2829D46E0}"
EndProject
Project("{FAE04EC0-301F-11D3-BF4B-00C04F79EFBC}") = "RectangleOfNxNStars", "RectangleOfNxNStars\RectangleOfNxNStars.csproj", "{C50FED94-0A54-418B-9086-63A336D7A488}"
EndProject
Project("{FAE04EC0-301F-11D3-BF4B-00C04F79EFBC}") = "SquareOfStars", "SquareOfStars\SquareOfStars.csproj", "{D45CA545-7C01-4AE3-8623-D78173004739}"
EndProject
Project("{FAE04EC0-301F-11D3-BF4B-00C04F79EFBC}") = "TriangleOfDollars", "TriangleOfDollars\TriangleOfDollars.csproj", "{E5D8CF29-7A9E-41C5-B25D-223ED54E04B1}"
EndProject
Project("{FAE04EC0-301F-11D3-BF4B-00C04F79EFBC}") = "SquareFrame", "SquareFrame\SquareFrame.csproj", "{5DF06813-A4B9-4FAF-9CB0-F956784E186E}"
EndProject
Project("{FAE04EC0-301F-11D3-BF4B-00C04F79EFBC}") = "ChristmasTree", "ChristmasTree\ChristmasTree.csproj", "{7A0BDE83-8FBA-4BA6-AD52-425BF3C9E3CD}"
EndProject
Project("{FAE04EC0-301F-11D3-BF4B-00C04F79EFBC}") = "RhombusOfStars", "RhombusOfStars\RhombusOfStars.csproj", "{CCE19C1E-571E-4648-B3C8-8795A06FA19F}"
EndProject
Project("{FAE04EC0-301F-11D3-BF4B-00C04F79EFBC}") = "House", "House\House.csproj", "{FA7320BB-3F43-40B8-BFDB-96D76248DF2E}"
EndProject
Project("{FAE04EC0-301F-11D3-BF4B-00C04F79EFBC}") = "Diamond", "Diamond\Diamond.csproj", "{EBCB72BE-42D0-4790-98B3-FE07B9928A55}"
EndProject
Project("{FAE04EC0-301F-11D3-BF4B-00C04F79EFBC}") = "Sunglasses", "Sunglasses\Sunglasses.csproj", "{2C20A94B-8065-4A10-8788-109DD57912ED}"
EndProject
Global
	GlobalSection(SolutionConfigurationPlatforms) = preSolution
		Debug|Any CPU = Debug|Any CPU
		Debug|ARM = Debug|ARM
		Debug|x64 = Debug|x64
		Debug|x86 = Debug|x86
		Release|Any CPU = Release|Any CPU
		Release|ARM = Release|ARM
		Release|x64 = Release|x64
		Release|x86 = Release|x86
	EndGlobalSection
	GlobalSection(ProjectConfigurationPlatforms) = postSolution
		{F3C33FEC-7D4E-4EE8-82AF-3BFBE1D6FF2A}.Debug|Any CPU.ActiveCfg = Debug|Any CPU
		{F3C33FEC-7D4E-4EE8-82AF-3BFBE1D6FF2A}.Debug|Any CPU.Build.0 = Debug|Any CPU
		{F3C33FEC-7D4E-4EE8-82AF-3BFBE1D6FF2A}.Debug|ARM.ActiveCfg = Debug|Any CPU
		{F3C33FEC-7D4E-4EE8-82AF-3BFBE1D6FF2A}.Debug|ARM.Build.0 = Debug|Any CPU
		{F3C33FEC-7D4E-4EE8-82AF-3BFBE1D6FF2A}.Debug|x64.ActiveCfg = Debug|Any CPU
		{F3C33FEC-7D4E-4EE8-82AF-3BFBE1D6FF2A}.Debug|x64.Build.0 = Debug|Any CPU
		{F3C33FEC-7D4E-4EE8-82AF-3BFBE1D6FF2A}.Debug|x86.ActiveCfg = Debug|Any CPU
		{F3C33FEC-7D4E-4EE8-82AF-3BFBE1D6FF2A}.Debug|x86.Build.0 = Debug|Any CPU
		{F3C33FEC-7D4E-4EE8-82AF-3BFBE1D6FF2A}.Release|Any CPU.ActiveCfg = Release|Any CPU
		{F3C33FEC-7D4E-4EE8-82AF-3BFBE1D6FF2A}.Release|Any CPU.Build.0 = Release|Any CPU
		{F3C33FEC-7D4E-4EE8-82AF-3BFBE1D6FF2A}.Release|ARM.ActiveCfg = Release|Any CPU
		{F3C33FEC-7D4E-4EE8-82AF-3BFBE1D6FF2A}.Release|ARM.Build.0 = Release|Any CPU
		{F3C33FEC-7D4E-4EE8-82AF-3BFBE1D6FF2A}.Release|x64.ActiveCfg = Release|Any CPU
		{F3C33FEC-7D4E-4EE8-82AF-3BFBE1D6FF2A}.Release|x64.Build.0 = Release|Any CPU
		{F3C33FEC-7D4E-4EE8-82AF-3BFBE1D6FF2A}.Release|x86.ActiveCfg = Release|Any CPU
		{F3C33FEC-7D4E-4EE8-82AF-3BFBE1D6FF2A}.Release|x86.Build.0 = Release|Any CPU
		{63BD683A-638B-415A-BA5B-59B2829D46E0}.Debug|Any CPU.ActiveCfg = Debug|Any CPU
		{63BD683A-638B-415A-BA5B-59B2829D46E0}.Debug|Any CPU.Build.0 = Debug|Any CPU
		{63BD683A-638B-415A-BA5B-59B2829D46E0}.Debug|ARM.ActiveCfg = Debug|Any CPU
		{63BD683A-638B-415A-BA5B-59B2829D46E0}.Debug|ARM.Build.0 = Debug|Any CPU
		{63BD683A-638B-415A-BA5B-59B2829D46E0}.Debug|x64.ActiveCfg = Debug|Any CPU
		{63BD683A-638B-415A-BA5B-59B2829D46E0}.Debug|x64.Build.0 = Debug|Any CPU
		{63BD683A-638B-415A-BA5B-59B2829D46E0}.Debug|x86.ActiveCfg = Debug|Any CPU
		{63BD683A-638B-415A-BA5B-59B2829D46E0}.Debug|x86.Build.0 = Debug|Any CPU
		{63BD683A-638B-415A-BA5B-59B2829D46E0}.Release|Any CPU.ActiveCfg = Release|Any CPU
		{63BD683A-638B-415A-BA5B-59B2829D46E0}.Release|Any CPU.Build.0 = Release|Any CPU
		{63BD683A-638B-415A-BA5B-59B2829D46E0}.Release|ARM.ActiveCfg = Release|Any CPU
		{63BD683A-638B-415A-BA5B-59B2829D46E0}.Release|ARM.Build.0 = Release|Any CPU
		{63BD683A-638B-415A-BA5B-59B2829D46E0}.Release|x64.ActiveCfg = Release|Any CPU
		{63BD683A-638B-415A-BA5B-59B2829D46E0}.Release|x64.Build.0 = Release|Any CPU
		{63BD683A-638B-415A-BA5B-59B2829D46E0}.Release|x86.ActiveCfg = Release|Any CPU
		{63BD683A-638B-415A-BA5B-59B2829D46E0}.Release|x86.Build.0 = Release|Any CPU
		{C50FED94-0A54-418B-9086-63A336D7A488}.Debug|Any CPU.ActiveCfg = Debug|Any CPU
		{C50FED94-0A54-418B-9086-63A336D7A488}.Debug|Any CPU.Build.0 = Debug|Any CPU
		{C50FED94-0A54-418B-9086-63A336D7A488}.Debug|ARM.ActiveCfg = Debug|Any CPU
		{C50FED94-0A54-418B-9086-63A336D7A488}.Debug|ARM.Build.0 = Debug|Any CPU
		{C50FED94-0A54-418B-9086-63A336D7A488}.Debug|x64.ActiveCfg = Debug|Any CPU
		{C50FED94-0A54-418B-9086-63A336D7A488}.Debug|x64.Build.0 = Debug|Any CPU
		{C50FED94-0A54-418B-9086-63A336D7A488}.Debug|x86.ActiveCfg = Debug|Any CPU
		{C50FED94-0A54-418B-9086-63A336D7A488}.Debug|x86.Build.0 = Debug|Any CPU
		{C50FED94-0A54-418B-9086-63A336D7A488}.Release|Any CPU.ActiveCfg = Release|Any CPU
		{C50FED94-0A54-418B-9086-63A336D7A488}.Release|Any CPU.Build.0 = Release|Any CPU
		{C50FED94-0A54-418B-9086-63A336D7A488}.Release|ARM.ActiveCfg = Release|Any CPU
		{C50FED94-0A54-418B-9086-63A336D7A488}.Release|ARM.Build.0 = Release|Any CPU
		{C50FED94-0A54-418B-9086-63A336D7A488}.Release|x64.ActiveCfg = Release|Any CPU
		{C50FED94-0A54-418B-9086-63A336D7A488}.Release|x64.Build.0 = Release|Any CPU
		{C50FED94-0A54-418B-9086-63A336D7A488}.Release|x86.ActiveCfg = Release|Any CPU
		{C50FED94-0A54-418B-9086-63A336D7A488}.Release|x86.Build.0 = Release|Any CPU
		{D45CA545-7C01-4AE3-8623-D78173004739}.Debug|Any CPU.ActiveCfg = Debug|Any CPU
		{D45CA545-7C01-4AE3-8623-D78173004739}.Debug|Any CPU.Build.0 = Debug|Any CPU
		{D45CA545-7C01-4AE3-8623-D78173004739}.Debug|ARM.ActiveCfg = Debug|Any CPU
		{D45CA545-7C01-4AE3-8623-D78173004739}.Debug|ARM.Build.0 = Debug|Any CPU
		{D45CA545-7C01-4AE3-8623-D78173004739}.Debug|x64.ActiveCfg = Debug|Any CPU
		{D45CA545-7C01-4AE3-8623-D78173004739}.Debug|x64.Build.0 = Debug|Any CPU
		{D45CA545-7C01-4AE3-8623-D78173004739}.Debug|x86.ActiveCfg = Debug|Any CPU
		{D45CA545-7C01-4AE3-8623-D78173004739}.Debug|x86.Build.0 = Debug|Any CPU
		{D45CA545-7C01-4AE3-8623-D78173004739}.Release|Any CPU.ActiveCfg = Release|Any CPU
		{D45CA545-7C01-4AE3-8623-D78173004739}.Release|Any CPU.Build.0 = Release|Any CPU
		{D45CA545-7C01-4AE3-8623-D78173004739}.Release|ARM.ActiveCfg = Release|Any CPU
		{D45CA545-7C01-4AE3-8623-D78173004739}.Release|ARM.Build.0 = Release|Any CPU
		{D45CA545-7C01-4AE3-8623-D78173004739}.Release|x64.ActiveCfg = Release|Any CPU
		{D45CA545-7C01-4AE3-8623-D78173004739}.Release|x64.Build.0 = Release|Any CPU
		{D45CA545-7C01-4AE3-8623-D78173004739}.Release|x86.ActiveCfg = Release|Any CPU
		{D45CA545-7C01-4AE3-8623-D78173004739}.Release|x86.Build.0 = Release|Any CPU
		{E5D8CF29-7A9E-41C5-B25D-223ED54E04B1}.Debug|Any CPU.ActiveCfg = Debug|Any CPU
		{E5D8CF29-7A9E-41C5-B25D-223ED54E04B1}.Debug|Any CPU.Build.0 = Debug|Any CPU
		{E5D8CF29-7A9E-41C5-B25D-223ED54E04B1}.Debug|ARM.ActiveCfg = Debug|Any CPU
		{E5D8CF29-7A9E-41C5-B25D-223ED54E04B1}.Debug|ARM.Build.0 = Debug|Any CPU
		{E5D8CF29-7A9E-41C5-B25D-223ED54E04B1}.Debug|x64.ActiveCfg = Debug|Any CPU
		{E5D8CF29-7A9E-41C5-B25D-223ED54E04B1}.Debug|x64.Build.0 = Debug|Any CPU
		{E5D8CF29-7A9E-41C5-B25D-223ED54E04B1}.Debug|x86.ActiveCfg = Debug|Any CPU
		{E5D8CF29-7A9E-41C5-B25D-223ED54E04B1}.Debug|x86.Build.0 = Debug|Any CPU
		{E5D8CF29-7A9E-41C5-B25D-223ED54E04B1}.Release|Any CPU.ActiveCfg = Release|Any CPU
		{E5D8CF29-7A9E-41C5-B25D-223ED54E04B1}.Release|Any CPU.Build.0 = Release|Any CPU
		{E5D8CF29-7A9E-41C5-B25D-223ED54E04B1}.Release|ARM.ActiveCfg = Release|Any CPU
		{E5D8CF29-7A9E-41C5-B25D-223ED54E04B1}.Release|ARM.Build.0 = Release|Any CPU
		{E5D8CF29-7A9E-41C5-B25D-223ED54E04B1}.Release|x64.ActiveCfg = Release|Any CPU
		{E5D8CF29-7A9E-41C5-B25D-223ED54E04B1}.Release|x64.Build.0 = Release|Any CPU
		{E5D8CF29-7A9E-41C5-B25D-223ED54E04B1}.Release|x86.ActiveCfg = Release|Any CPU
		{E5D8CF29-7A9E-41C5-B25D-223ED54E04B1}.Release|x86.Build.0 = Release|Any CPU
		{5DF06813-A4B9-4FAF-9CB0-F956784E186E}.Debug|Any CPU.ActiveCfg = Debug|Any CPU
		{5DF06813-A4B9-4FAF-9CB0-F956784E186E}.Debug|Any CPU.Build.0 = Debug|Any CPU
		{5DF06813-A4B9-4FAF-9CB0-F956784E186E}.Debug|ARM.ActiveCfg = Debug|Any CPU
		{5DF06813-A4B9-4FAF-9CB0-F956784E186E}.Debug|ARM.Build.0 = Debug|Any CPU
		{5DF06813-A4B9-4FAF-9CB0-F956784E186E}.Debug|x64.ActiveCfg = Debug|Any CPU
		{5DF06813-A4B9-4FAF-9CB0-F956784E186E}.Debug|x64.Build.0 = Debug|Any CPU
		{5DF06813-A4B9-4FAF-9CB0-F956784E186E}.Debug|x86.ActiveCfg = Debug|Any CPU
		{5DF06813-A4B9-4FAF-9CB0-F956784E186E}.Debug|x86.Build.0 = Debug|Any CPU
		{5DF06813-A4B9-4FAF-9CB0-F956784E186E}.Release|Any CPU.ActiveCfg = Release|Any CPU
		{5DF06813-A4B9-4FAF-9CB0-F956784E186E}.Release|Any CPU.Build.0 = Release|Any CPU
		{5DF06813-A4B9-4FAF-9CB0-F956784E186E}.Release|ARM.ActiveCfg = Release|Any CPU
		{5DF06813-A4B9-4FAF-9CB0-F956784E186E}.Release|ARM.Build.0 = Release|Any CPU
		{5DF06813-A4B9-4FAF-9CB0-F956784E186E}.Release|x64.ActiveCfg = Release|Any CPU
		{5DF06813-A4B9-4FAF-9CB0-F956784E186E}.Release|x64.Build.0 = Release|Any CPU
		{5DF06813-A4B9-4FAF-9CB0-F956784E186E}.Release|x86.ActiveCfg = Release|Any CPU
		{5DF06813-A4B9-4FAF-9CB0-F956784E186E}.Release|x86.Build.0 = Release|Any CPU
		{7A0BDE83-8FBA-4BA6-AD52-425BF3C9E3CD}.Debug|Any CPU.ActiveCfg = Debug|Any CPU
		{7A0BDE83-8FBA-4BA6-AD52-425BF3C9E3CD}.Debug|Any CPU.Build.0 = Debug|Any CPU
		{7A0BDE83-8FBA-4BA6-AD52-425BF3C9E3CD}.Debug|ARM.ActiveCfg = Debug|Any CPU
		{7A0BDE83-8FBA-4BA6-AD52-425BF3C9E3CD}.Debug|ARM.Build.0 = Debug|Any CPU
		{7A0BDE83-8FBA-4BA6-AD52-425BF3C9E3CD}.Debug|x64.ActiveCfg = Debug|Any CPU
		{7A0BDE83-8FBA-4BA6-AD52-425BF3C9E3CD}.Debug|x64.Build.0 = Debug|Any CPU
		{7A0BDE83-8FBA-4BA6-AD52-425BF3C9E3CD}.Debug|x86.ActiveCfg = Debug|Any CPU
		{7A0BDE83-8FBA-4BA6-AD52-425BF3C9E3CD}.Debug|x86.Build.0 = Debug|Any CPU
		{7A0BDE83-8FBA-4BA6-AD52-425BF3C9E3CD}.Release|Any CPU.ActiveCfg = Release|Any CPU
		{7A0BDE83-8FBA-4BA6-AD52-425BF3C9E3CD}.Release|Any CPU.Build.0 = Release|Any CPU
		{7A0BDE83-8FBA-4BA6-AD52-425BF3C9E3CD}.Release|ARM.ActiveCfg = Release|Any CPU
		{7A0BDE83-8FBA-4BA6-AD52-425BF3C9E3CD}.Release|ARM.Build.0 = Release|Any CPU
		{7A0BDE83-8FBA-4BA6-AD52-425BF3C9E3CD}.Release|x64.ActiveCfg = Release|Any CPU
		{7A0BDE83-8FBA-4BA6-AD52-425BF3C9E3CD}.Release|x64.Build.0 = Release|Any CPU
		{7A0BDE83-8FBA-4BA6-AD52-425BF3C9E3CD}.Release|x86.ActiveCfg = Release|Any CPU
		{7A0BDE83-8FBA-4BA6-AD52-425BF3C9E3CD}.Release|x86.Build.0 = Release|Any CPU
		{CCE19C1E-571E-4648-B3C8-8795A06FA19F}.Debug|Any CPU.ActiveCfg = Debug|Any CPU
		{CCE19C1E-571E-4648-B3C8-8795A06FA19F}.Debug|Any CPU.Build.0 = Debug|Any CPU
		{CCE19C1E-571E-4648-B3C8-8795A06FA19F}.Debug|ARM.ActiveCfg = Debug|Any CPU
		{CCE19C1E-571E-4648-B3C8-8795A06FA19F}.Debug|ARM.Build.0 = Debug|Any CPU
		{CCE19C1E-571E-4648-B3C8-8795A06FA19F}.Debug|x64.ActiveCfg = Debug|Any CPU
		{CCE19C1E-571E-4648-B3C8-8795A06FA19F}.Debug|x64.Build.0 = Debug|Any CPU
		{CCE19C1E-571E-4648-B3C8-8795A06FA19F}.Debug|x86.ActiveCfg = Debug|Any CPU
		{CCE19C1E-571E-4648-B3C8-8795A06FA19F}.Debug|x86.Build.0 = Debug|Any CPU
		{CCE19C1E-571E-4648-B3C8-8795A06FA19F}.Release|Any CPU.ActiveCfg = Release|Any CPU
		{CCE19C1E-571E-4648-B3C8-8795A06FA19F}.Release|Any CPU.Build.0 = Release|Any CPU
		{CCE19C1E-571E-4648-B3C8-8795A06FA19F}.Release|ARM.ActiveCfg = Release|Any CPU
		{CCE19C1E-571E-4648-B3C8-8795A06FA19F}.Release|ARM.Build.0 = Release|Any CPU
		{CCE19C1E-571E-4648-B3C8-8795A06FA19F}.Release|x64.ActiveCfg = Release|Any CPU
		{CCE19C1E-571E-4648-B3C8-8795A06FA19F}.Release|x64.Build.0 = Release|Any CPU
		{CCE19C1E-571E-4648-B3C8-8795A06FA19F}.Release|x86.ActiveCfg = Release|Any CPU
		{CCE19C1E-571E-4648-B3C8-8795A06FA19F}.Release|x86.Build.0 = Release|Any CPU
		{FA7320BB-3F43-40B8-BFDB-96D76248DF2E}.Debug|Any CPU.ActiveCfg = Debug|Any CPU
		{FA7320BB-3F43-40B8-BFDB-96D76248DF2E}.Debug|Any CPU.Build.0 = Debug|Any CPU
		{FA7320BB-3F43-40B8-BFDB-96D76248DF2E}.Debug|ARM.ActiveCfg = Debug|Any CPU
		{FA7320BB-3F43-40B8-BFDB-96D76248DF2E}.Debug|ARM.Build.0 = Debug|Any CPU
		{FA7320BB-3F43-40B8-BFDB-96D76248DF2E}.Debug|x64.ActiveCfg = Debug|Any CPU
		{FA7320BB-3F43-40B8-BFDB-96D76248DF2E}.Debug|x64.Build.0 = Debug|Any CPU
		{FA7320BB-3F43-40B8-BFDB-96D76248DF2E}.Debug|x86.ActiveCfg = Debug|Any CPU
		{FA7320BB-3F43-40B8-BFDB-96D76248DF2E}.Debug|x86.Build.0 = Debug|Any CPU
		{FA7320BB-3F43-40B8-BFDB-96D76248DF2E}.Release|Any CPU.ActiveCfg = Release|Any CPU
		{FA7320BB-3F43-40B8-BFDB-96D76248DF2E}.Release|Any CPU.Build.0 = Release|Any CPU
		{FA7320BB-3F43-40B8-BFDB-96D76248DF2E}.Release|ARM.ActiveCfg = Release|Any CPU
		{FA7320BB-3F43-40B8-BFDB-96D76248DF2E}.Release|ARM.Build.0 = Release|Any CPU
		{FA7320BB-3F43-40B8-BFDB-96D76248DF2E}.Release|x64.ActiveCfg = Release|Any CPU
		{FA7320BB-3F43-40B8-BFDB-96D76248DF2E}.Release|x64.Build.0 = Release|Any CPU
		{FA7320BB-3F43-40B8-BFDB-96D76248DF2E}.Release|x86.ActiveCfg = Release|Any CPU
		{FA7320BB-3F43-40B8-BFDB-96D76248DF2E}.Release|x86.Build.0 = Release|Any CPU
		{EBCB72BE-42D0-4790-98B3-FE07B9928A55}.Debug|Any CPU.ActiveCfg = Debug|Any CPU
		{EBCB72BE-42D0-4790-98B3-FE07B9928A55}.Debug|Any CPU.Build.0 = Debug|Any CPU
		{EBCB72BE-42D0-4790-98B3-FE07B9928A55}.Debug|ARM.ActiveCfg = Debug|Any CPU
		{EBCB72BE-42D0-4790-98B3-FE07B9928A55}.Debug|ARM.Build.0 = Debug|Any CPU
		{EBCB72BE-42D0-4790-98B3-FE07B9928A55}.Debug|x64.ActiveCfg = Debug|Any CPU
		{EBCB72BE-42D0-4790-98B3-FE07B9928A55}.Debug|x64.Build.0 = Debug|Any CPU
		{EBCB72BE-42D0-4790-98B3-FE07B9928A55}.Debug|x86.ActiveCfg = Debug|Any CPU
		{EBCB72BE-42D0-4790-98B3-FE07B9928A55}.Debug|x86.Build.0 = Debug|Any CPU
		{EBCB72BE-42D0-4790-98B3-FE07B9928A55}.Release|Any CPU.ActiveCfg = Release|Any CPU
		{EBCB72BE-42D0-4790-98B3-FE07B9928A55}.Release|Any CPU.Build.0 = Release|Any CPU
		{EBCB72BE-42D0-4790-98B3-FE07B9928A55}.Release|ARM.ActiveCfg = Release|Any CPU
		{EBCB72BE-42D0-4790-98B3-FE07B9928A55}.Release|ARM.Build.0 = Release|Any CPU
		{EBCB72BE-42D0-4790-98B3-FE07B9928A55}.Release|x64.ActiveCfg = Release|Any CPU
		{EBCB72BE-42D0-4790-98B3-FE07B9928A55}.Release|x64.Build.0 = Release|Any CPU
		{EBCB72BE-42D0-4790-98B3-FE07B9928A55}.Release|x86.ActiveCfg = Release|Any CPU
		{EBCB72BE-42D0-4790-98B3-FE07B9928A55}.Release|x86.Build.0 = Release|Any CPU
		{2C20A94B-8065-4A10-8788-109DD57912ED}.Debug|Any CPU.ActiveCfg = Debug|Any CPU
		{2C20A94B-8065-4A10-8788-109DD57912ED}.Debug|Any CPU.Build.0 = Debug|Any CPU
		{2C20A94B-8065-4A10-8788-109DD57912ED}.Debug|ARM.ActiveCfg = Debug|Any CPU
		{2C20A94B-8065-4A10-8788-109DD57912ED}.Debug|ARM.Build.0 = Debug|Any CPU
		{2C20A94B-8065-4A10-8788-109DD57912ED}.Debug|x64.ActiveCfg = Debug|Any CPU
		{2C20A94B-8065-4A10-8788-109DD57912ED}.Debug|x64.Build.0 = Debug|Any CPU
		{2C20A94B-8065-4A10-8788-109DD57912ED}.Debug|x86.ActiveCfg = Debug|Any CPU
		{2C20A94B-8065-4A10-8788-109DD57912ED}.Debug|x86.Build.0 = Debug|Any CPU
		{2C20A94B-8065-4A10-8788-109DD57912ED}.Release|Any CPU.ActiveCfg = Release|Any CPU
		{2C20A94B-8065-4A10-8788-109DD57912ED}.Release|Any CPU.Build.0 = Release|Any CPU
		{2C20A94B-8065-4A10-8788-109DD57912ED}.Release|ARM.ActiveCfg = Release|Any CPU
		{2C20A94B-8065-4A10-8788-109DD57912ED}.Release|ARM.Build.0 = Release|Any CPU
		{2C20A94B-8065-4A10-8788-109DD57912ED}.Release|x64.ActiveCfg = Release|Any CPU
		{2C20A94B-8065-4A10-8788-109DD57912ED}.Release|x64.Build.0 = Release|Any CPU
		{2C20A94B-8065-4A10-8788-109DD57912ED}.Release|x86.ActiveCfg = Release|Any CPU
		{2C20A94B-8065-4A10-8788-109DD57912ED}.Release|x86.Build.0 = Release|Any CPU
	EndGlobalSection
	GlobalSection(SolutionProperties) = preSolution
		HideSolutionNode = FALSE
	EndGlobalSection
EndGlobal
