
Microsoft Visual Studio Solution File, Format Version 12.00
# Visual Studio 14
VisualStudioVersion = 14.0.25420.1
MinimumVisualStudioVersion = 10.0.40219.1
Project("{FAE04EC0-301F-11D3-BF4B-00C04F79EFBC}") = "PersonalTitles", "PersonalTitles\PersonalTitles.csproj", "{41A26348-701C-40DE-9F82-48A94AE15F48}"
EndProject
Project("{FAE04EC0-301F-11D3-BF4B-00C04F79EFBC}") = "SmallShop", "SmallShop\SmallShop.csproj", "{90E84680-125C-4105-8141-1263047D1EA5}"
EndProject
Project("{FAE04EC0-301F-11D3-BF4B-00C04F79EFBC}") = "Pool", "Pool\Pool.csproj", "{9F1084F4-9A01-429B-9736-1C4430B30E9F}"
EndProject
Project("{FAE04EC0-301F-11D3-BF4B-00C04F79EFBC}") = "PointInRectangle", "PointInRectangle\PointInRectangle.csproj", "{5AFBF763-6C5C-4394-B26E-E70DFEFADD6D}"
EndProject
Project("{FAE04EC0-301F-11D3-BF4B-00C04F79EFBC}") = "FruitOrVegetable", "FruitOrVegetable\FruitOrVegetable.csproj", "{4E16C1C2-C7E3-44ED-AD2E-70465AE1BFA5}"
EndProject
Project("{FAE04EC0-301F-11D3-BF4B-00C04F79EFBC}") = "InvalidNumber", "InvalidNumber\InvalidNumber.csproj", "{514935B4-B122-4681-9100-DC3966A96DF0}"
EndProject
Project("{FAE04EC0-301F-11D3-BF4B-00C04F79EFBC}") = "FruitShop", "FruitShop\FruitShop.csproj", "{809252E0-D797-4E85-A0C8-04BFF2974A3A}"
EndProject
Project("{FAE04EC0-301F-11D3-BF4B-00C04F79EFBC}") = "DayOfWeek", "DayOfWeek\DayOfWeek.csproj", "{05424C08-2EBE-4C91-8016-02552C538CB9}"
EndProject
Project("{FAE04EC0-301F-11D3-BF4B-00C04F79EFBC}") = "PointOnRectangleBorder", "PointOnRectangleBorder\PointOnRectangleBorder.csproj", "{CD235A32-E4DA-4E1F-A404-B17DF6811854}"
EndProject
Project("{FAE04EC0-301F-11D3-BF4B-00C04F79EFBC}") = "PointInTheFigure", "PointInTheFigure\PointInTheFigure.csproj", "{5F112786-859E-4A6B-8C5F-0BB3C3A4190F}"
EndProject
Project("{FAE04EC0-301F-11D3-BF4B-00C04F79EFBC}") = "TradeComissions", "TradeComissions\TradeComissions.csproj", "{7FEDE722-E866-4F8D-956C-B471FF73CEA1}"
EndProject
Project("{FAE04EC0-301F-11D3-BF4B-00C04F79EFBC}") = "Cinema", "Cinema\Cinema.csproj", "{38B14D00-D93F-4566-9738-46B6AC32F8E2}"
EndProject
Project("{FAE04EC0-301F-11D3-BF4B-00C04F79EFBC}") = "AnimalType", "AnimalType\AnimalType.csproj", "{AAB219B6-3B45-4C08-AA84-0937DF391C4E}"
EndProject
Project("{FAE04EC0-301F-11D3-BF4B-00C04F79EFBC}") = "Volleyball", "Volleyball\Volleyball.csproj", "{F43B65B0-0222-422E-B44E-49672D6620FC}"
EndProject
Project("{FAE04EC0-301F-11D3-BF4B-00C04F79EFBC}") = "Trip", "Trip\Trip.csproj", "{60D1442E-1423-474B-85BB-0422A4208E92}"
EndProject
Project("{FAE04EC0-301F-11D3-BF4B-00C04F79EFBC}") = "OnTimeForTheExam", "OnTimeForTheExam\OnTimeForTheExam.csproj", "{DB1CD494-80D4-4DBF-AAD4-295406362EC0}"
EndProject
Project("{FAE04EC0-301F-11D3-BF4B-00C04F79EFBC}") = "TicketForMatch", "TicketForMatch\TicketForMatch.csproj", "{3911EAB0-3B45-434B-8BAB-70E5A831B7F1}"
EndProject
Global
	GlobalSection(SolutionConfigurationPlatforms) = preSolution
		Debug|Any CPU = Debug|Any CPU
		Release|Any CPU = Release|Any CPU
	EndGlobalSection
	GlobalSection(ProjectConfigurationPlatforms) = postSolution
		{41A26348-701C-40DE-9F82-48A94AE15F48}.Debug|Any CPU.ActiveCfg = Debug|Any CPU
		{41A26348-701C-40DE-9F82-48A94AE15F48}.Debug|Any CPU.Build.0 = Debug|Any CPU
		{41A26348-701C-40DE-9F82-48A94AE15F48}.Release|Any CPU.ActiveCfg = Release|Any CPU
		{41A26348-701C-40DE-9F82-48A94AE15F48}.Release|Any CPU.Build.0 = Release|Any CPU
		{90E84680-125C-4105-8141-1263047D1EA5}.Debug|Any CPU.ActiveCfg = Debug|Any CPU
		{90E84680-125C-4105-8141-1263047D1EA5}.Debug|Any CPU.Build.0 = Debug|Any CPU
		{90E84680-125C-4105-8141-1263047D1EA5}.Release|Any CPU.ActiveCfg = Release|Any CPU
		{90E84680-125C-4105-8141-1263047D1EA5}.Release|Any CPU.Build.0 = Release|Any CPU
		{9F1084F4-9A01-429B-9736-1C4430B30E9F}.Debug|Any CPU.ActiveCfg = Debug|Any CPU
		{9F1084F4-9A01-429B-9736-1C4430B30E9F}.Debug|Any CPU.Build.0 = Debug|Any CPU
		{9F1084F4-9A01-429B-9736-1C4430B30E9F}.Release|Any CPU.ActiveCfg = Release|Any CPU
		{9F1084F4-9A01-429B-9736-1C4430B30E9F}.Release|Any CPU.Build.0 = Release|Any CPU
		{5AFBF763-6C5C-4394-B26E-E70DFEFADD6D}.Debug|Any CPU.ActiveCfg = Debug|Any CPU
		{5AFBF763-6C5C-4394-B26E-E70DFEFADD6D}.Debug|Any CPU.Build.0 = Debug|Any CPU
		{5AFBF763-6C5C-4394-B26E-E70DFEFADD6D}.Release|Any CPU.ActiveCfg = Release|Any CPU
		{5AFBF763-6C5C-4394-B26E-E70DFEFADD6D}.Release|Any CPU.Build.0 = Release|Any CPU
		{4E16C1C2-C7E3-44ED-AD2E-70465AE1BFA5}.Debug|Any CPU.ActiveCfg = Debug|Any CPU
		{4E16C1C2-C7E3-44ED-AD2E-70465AE1BFA5}.Debug|Any CPU.Build.0 = Debug|Any CPU
		{4E16C1C2-C7E3-44ED-AD2E-70465AE1BFA5}.Release|Any CPU.ActiveCfg = Release|Any CPU
		{4E16C1C2-C7E3-44ED-AD2E-70465AE1BFA5}.Release|Any CPU.Build.0 = Release|Any CPU
		{514935B4-B122-4681-9100-DC3966A96DF0}.Debug|Any CPU.ActiveCfg = Debug|Any CPU
		{514935B4-B122-4681-9100-DC3966A96DF0}.Debug|Any CPU.Build.0 = Debug|Any CPU
		{514935B4-B122-4681-9100-DC3966A96DF0}.Release|Any CPU.ActiveCfg = Release|Any CPU
		{514935B4-B122-4681-9100-DC3966A96DF0}.Release|Any CPU.Build.0 = Release|Any CPU
		{809252E0-D797-4E85-A0C8-04BFF2974A3A}.Debug|Any CPU.ActiveCfg = Debug|Any CPU
		{809252E0-D797-4E85-A0C8-04BFF2974A3A}.Debug|Any CPU.Build.0 = Debug|Any CPU
		{809252E0-D797-4E85-A0C8-04BFF2974A3A}.Release|Any CPU.ActiveCfg = Release|Any CPU
		{809252E0-D797-4E85-A0C8-04BFF2974A3A}.Release|Any CPU.Build.0 = Release|Any CPU
		{05424C08-2EBE-4C91-8016-02552C538CB9}.Debug|Any CPU.ActiveCfg = Debug|Any CPU
		{05424C08-2EBE-4C91-8016-02552C538CB9}.Debug|Any CPU.Build.0 = Debug|Any CPU
		{05424C08-2EBE-4C91-8016-02552C538CB9}.Release|Any CPU.ActiveCfg = Release|Any CPU
		{05424C08-2EBE-4C91-8016-02552C538CB9}.Release|Any CPU.Build.0 = Release|Any CPU
		{CD235A32-E4DA-4E1F-A404-B17DF6811854}.Debug|Any CPU.ActiveCfg = Debug|Any CPU
		{CD235A32-E4DA-4E1F-A404-B17DF6811854}.Debug|Any CPU.Build.0 = Debug|Any CPU
		{CD235A32-E4DA-4E1F-A404-B17DF6811854}.Release|Any CPU.ActiveCfg = Release|Any CPU
		{CD235A32-E4DA-4E1F-A404-B17DF6811854}.Release|Any CPU.Build.0 = Release|Any CPU
		{5F112786-859E-4A6B-8C5F-0BB3C3A4190F}.Debug|Any CPU.ActiveCfg = Debug|Any CPU
		{5F112786-859E-4A6B-8C5F-0BB3C3A4190F}.Debug|Any CPU.Build.0 = Debug|Any CPU
		{5F112786-859E-4A6B-8C5F-0BB3C3A4190F}.Release|Any CPU.ActiveCfg = Release|Any CPU
		{5F112786-859E-4A6B-8C5F-0BB3C3A4190F}.Release|Any CPU.Build.0 = Release|Any CPU
		{7FEDE722-E866-4F8D-956C-B471FF73CEA1}.Debug|Any CPU.ActiveCfg = Debug|Any CPU
		{7FEDE722-E866-4F8D-956C-B471FF73CEA1}.Debug|Any CPU.Build.0 = Debug|Any CPU
		{7FEDE722-E866-4F8D-956C-B471FF73CEA1}.Release|Any CPU.ActiveCfg = Release|Any CPU
		{7FEDE722-E866-4F8D-956C-B471FF73CEA1}.Release|Any CPU.Build.0 = Release|Any CPU
		{38B14D00-D93F-4566-9738-46B6AC32F8E2}.Debug|Any CPU.ActiveCfg = Debug|Any CPU
		{38B14D00-D93F-4566-9738-46B6AC32F8E2}.Debug|Any CPU.Build.0 = Debug|Any CPU
		{38B14D00-D93F-4566-9738-46B6AC32F8E2}.Release|Any CPU.ActiveCfg = Release|Any CPU
		{38B14D00-D93F-4566-9738-46B6AC32F8E2}.Release|Any CPU.Build.0 = Release|Any CPU
		{AAB219B6-3B45-4C08-AA84-0937DF391C4E}.Debug|Any CPU.ActiveCfg = Debug|Any CPU
		{AAB219B6-3B45-4C08-AA84-0937DF391C4E}.Debug|Any CPU.Build.0 = Debug|Any CPU
		{AAB219B6-3B45-4C08-AA84-0937DF391C4E}.Release|Any CPU.ActiveCfg = Release|Any CPU
		{AAB219B6-3B45-4C08-AA84-0937DF391C4E}.Release|Any CPU.Build.0 = Release|Any CPU
		{F43B65B0-0222-422E-B44E-49672D6620FC}.Debug|Any CPU.ActiveCfg = Debug|Any CPU
		{F43B65B0-0222-422E-B44E-49672D6620FC}.Debug|Any CPU.Build.0 = Debug|Any CPU
		{F43B65B0-0222-422E-B44E-49672D6620FC}.Release|Any CPU.ActiveCfg = Release|Any CPU
		{F43B65B0-0222-422E-B44E-49672D6620FC}.Release|Any CPU.Build.0 = Release|Any CPU
		{60D1442E-1423-474B-85BB-0422A4208E92}.Debug|Any CPU.ActiveCfg = Debug|Any CPU
		{60D1442E-1423-474B-85BB-0422A4208E92}.Debug|Any CPU.Build.0 = Debug|Any CPU
		{60D1442E-1423-474B-85BB-0422A4208E92}.Release|Any CPU.ActiveCfg = Release|Any CPU
		{60D1442E-1423-474B-85BB-0422A4208E92}.Release|Any CPU.Build.0 = Release|Any CPU
		{DB1CD494-80D4-4DBF-AAD4-295406362EC0}.Debug|Any CPU.ActiveCfg = Debug|Any CPU
		{DB1CD494-80D4-4DBF-AAD4-295406362EC0}.Debug|Any CPU.Build.0 = Debug|Any CPU
		{DB1CD494-80D4-4DBF-AAD4-295406362EC0}.Release|Any CPU.ActiveCfg = Release|Any CPU
		{DB1CD494-80D4-4DBF-AAD4-295406362EC0}.Release|Any CPU.Build.0 = Release|Any CPU
		{3911EAB0-3B45-434B-8BAB-70E5A831B7F1}.Debug|Any CPU.ActiveCfg = Debug|Any CPU
		{3911EAB0-3B45-434B-8BAB-70E5A831B7F1}.Debug|Any CPU.Build.0 = Debug|Any CPU
		{3911EAB0-3B45-434B-8BAB-70E5A831B7F1}.Release|Any CPU.ActiveCfg = Release|Any CPU
		{3911EAB0-3B45-434B-8BAB-70E5A831B7F1}.Release|Any CPU.Build.0 = Release|Any CPU
	EndGlobalSection
	GlobalSection(SolutionProperties) = preSolution
		HideSolutionNode = FALSE
	EndGlobalSection
EndGlobal
