
Microsoft Visual Studio Solution File, Format Version 12.00
# Visual Studio 14
VisualStudioVersion = 14.0.25420.1
MinimumVisualStudioVersion = 10.0.40219.1
Project("{FAE04EC0-301F-11D3-BF4B-00C04F79EFBC}") = "Hospital", "Hospital\Hospital.csproj", "{6C77A37B-D73F-4557-A0F9-E6A71522D6CF}"
EndProject
Project("{FAE04EC0-301F-11D3-BF4B-00C04F79EFBC}") = "Digits", "Digits\Digits.csproj", "{178AA726-B7FA-4493-BCF3-FA81FB51013D}"
EndProject
Project("{FAE04EC0-301F-11D3-BF4B-00C04F79EFBC}") = "Fishland", "Fishland\Fishland.csproj", "{1D7FAC09-38E8-4B0D-927D-104F95568360}"
EndProject
Project("{FAE04EC0-301F-11D3-BF4B-00C04F79EFBC}") = "Pets", "Pets\Pets.csproj", "{4CC7F4BD-D058-4429-8EE7-54BB88B63B96}"
EndProject
Project("{FAE04EC0-301F-11D3-BF4B-00C04F79EFBC}") = "Vacation", "Vacation\Vacation.csproj", "{E83E9E0D-D85E-43CC-8F9B-56D30D93CB93}"
EndProject
Project("{FAE04EC0-301F-11D3-BF4B-00C04F79EFBC}") = "SoftUniCamp", "SoftUniCamp\SoftUniCamp.csproj", "{3B5A9EE3-962F-495E-A485-007AB3991B05}"
EndProject
Project("{FAE04EC0-301F-11D3-BF4B-00C04F79EFBC}") = "MaxCombination", "MaxCombination\MaxCombination.csproj", "{CC25081C-E1F0-4D0D-B49B-B5DDACCC99EE}"
EndProject
Project("{FAE04EC0-301F-11D3-BF4B-00C04F79EFBC}") = "HousePrice", "HousePrice\HousePrice.csproj", "{B0E8E271-0B83-4B34-911B-30F271A47CA1}"
EndProject
Project("{FAE04EC0-301F-11D3-BF4B-00C04F79EFBC}") = "FlowerShop", "FlowerShop\FlowerShop.csproj", "{0D54E40F-8BA3-4078-86D1-7B69D74FD135}"
EndProject
Project("{FAE04EC0-301F-11D3-BF4B-00C04F79EFBC}") = "Fox", "Fox\Fox.csproj", "{D230F5DF-6925-412C-937A-390C570B42C4}"
EndProject
Project("{FAE04EC0-301F-11D3-BF4B-00C04F79EFBC}") = "Rocket", "Rocket\Rocket.csproj", "{2710BB2E-3416-46A5-A7AE-DC8140979382}"
EndProject
Project("{FAE04EC0-301F-11D3-BF4B-00C04F79EFBC}") = "Axe", "Axe\Axe.csproj", "{E5991C41-1A59-4B21-A9AD-C6D22346C8EB}"
EndProject
Project("{FAE04EC0-301F-11D3-BF4B-00C04F79EFBC}") = "Stop", "Stop\Stop.csproj", "{B9CB6D42-290F-4AD3-860E-52F7D5988CAC}"
EndProject
Project("{FAE04EC0-301F-11D3-BF4B-00C04F79EFBC}") = "Battles", "Battles\Battles.csproj", "{C89C2242-65D6-48E2-AE89-816CCCD8482B}"
EndProject
Project("{FAE04EC0-301F-11D3-BF4B-00C04F79EFBC}") = "BikeRace", "BikeRace\BikeRace.csproj", "{6FA6F8A3-86B2-43AA-BFD3-2D3A602DDB58}"
EndProject
Project("{FAE04EC0-301F-11D3-BF4B-00C04F79EFBC}") = "Logistics", "Logistics\Logistics.csproj", "{2EE93E26-64EE-448A-B572-78F6B71EE3E6}"
EndProject
Project("{FAE04EC0-301F-11D3-BF4B-00C04F79EFBC}") = "StopNumber", "StopNumber\StopNumber.csproj", "{863688B2-B908-476C-B8F0-8E82470E5DD6}"
EndProject
Project("{FAE04EC0-301F-11D3-BF4B-00C04F79EFBC}") = "DrawFort", "DrawFort\DrawFort.csproj", "{1E6AFAEE-BBBF-4580-B22A-9F91F3EB4331}"
EndProject
Project("{FAE04EC0-301F-11D3-BF4B-00C04F79EFBC}") = "Harvest", "Harvest\Harvest.csproj", "{88F8749F-58DB-48E4-B35D-018053659C0E}"
EndProject
Project("{FAE04EC0-301F-11D3-BF4B-00C04F79EFBC}") = "TrainingLab", "TrainingLab\TrainingLab.csproj", "{87A2C243-8C7C-488C-ADE5-AB7088C64941}"
EndProject
Project("{FAE04EC0-301F-11D3-BF4B-00C04F79EFBC}") = "Diamond", "Diamond\Diamond.csproj", "{95BD528F-700B-493A-978F-F1A1E92B0240}"
EndProject
Project("{FAE04EC0-301F-11D3-BF4B-00C04F79EFBC}") = "MagicCombinations", "MagicCombinations\MagicCombinations.csproj", "{16BF0873-33DD-4842-88E0-463CBD8D03A7}"
EndProject
Project("{FAE04EC0-301F-11D3-BF4B-00C04F79EFBC}") = "Butterfly", "Butterfly\Butterfly.csproj", "{1842BF3E-0F21-45FC-AB8C-2BE7A09CAB98}"
EndProject
Global
	GlobalSection(SolutionConfigurationPlatforms) = preSolution
		Debug|Any CPU = Debug|Any CPU
		Release|Any CPU = Release|Any CPU
	EndGlobalSection
	GlobalSection(ProjectConfigurationPlatforms) = postSolution
		{6C77A37B-D73F-4557-A0F9-E6A71522D6CF}.Debug|Any CPU.ActiveCfg = Debug|Any CPU
		{6C77A37B-D73F-4557-A0F9-E6A71522D6CF}.Debug|Any CPU.Build.0 = Debug|Any CPU
		{6C77A37B-D73F-4557-A0F9-E6A71522D6CF}.Release|Any CPU.ActiveCfg = Release|Any CPU
		{6C77A37B-D73F-4557-A0F9-E6A71522D6CF}.Release|Any CPU.Build.0 = Release|Any CPU
		{178AA726-B7FA-4493-BCF3-FA81FB51013D}.Debug|Any CPU.ActiveCfg = Debug|Any CPU
		{178AA726-B7FA-4493-BCF3-FA81FB51013D}.Debug|Any CPU.Build.0 = Debug|Any CPU
		{178AA726-B7FA-4493-BCF3-FA81FB51013D}.Release|Any CPU.ActiveCfg = Release|Any CPU
		{178AA726-B7FA-4493-BCF3-FA81FB51013D}.Release|Any CPU.Build.0 = Release|Any CPU
		{1D7FAC09-38E8-4B0D-927D-104F95568360}.Debug|Any CPU.ActiveCfg = Debug|Any CPU
		{1D7FAC09-38E8-4B0D-927D-104F95568360}.Debug|Any CPU.Build.0 = Debug|Any CPU
		{1D7FAC09-38E8-4B0D-927D-104F95568360}.Release|Any CPU.ActiveCfg = Release|Any CPU
		{1D7FAC09-38E8-4B0D-927D-104F95568360}.Release|Any CPU.Build.0 = Release|Any CPU
		{4CC7F4BD-D058-4429-8EE7-54BB88B63B96}.Debug|Any CPU.ActiveCfg = Debug|Any CPU
		{4CC7F4BD-D058-4429-8EE7-54BB88B63B96}.Debug|Any CPU.Build.0 = Debug|Any CPU
		{4CC7F4BD-D058-4429-8EE7-54BB88B63B96}.Release|Any CPU.ActiveCfg = Release|Any CPU
		{4CC7F4BD-D058-4429-8EE7-54BB88B63B96}.Release|Any CPU.Build.0 = Release|Any CPU
		{E83E9E0D-D85E-43CC-8F9B-56D30D93CB93}.Debug|Any CPU.ActiveCfg = Debug|Any CPU
		{E83E9E0D-D85E-43CC-8F9B-56D30D93CB93}.Debug|Any CPU.Build.0 = Debug|Any CPU
		{E83E9E0D-D85E-43CC-8F9B-56D30D93CB93}.Release|Any CPU.ActiveCfg = Release|Any CPU
		{E83E9E0D-D85E-43CC-8F9B-56D30D93CB93}.Release|Any CPU.Build.0 = Release|Any CPU
		{3B5A9EE3-962F-495E-A485-007AB3991B05}.Debug|Any CPU.ActiveCfg = Debug|Any CPU
		{3B5A9EE3-962F-495E-A485-007AB3991B05}.Debug|Any CPU.Build.0 = Debug|Any CPU
		{3B5A9EE3-962F-495E-A485-007AB3991B05}.Release|Any CPU.ActiveCfg = Release|Any CPU
		{3B5A9EE3-962F-495E-A485-007AB3991B05}.Release|Any CPU.Build.0 = Release|Any CPU
		{CC25081C-E1F0-4D0D-B49B-B5DDACCC99EE}.Debug|Any CPU.ActiveCfg = Debug|Any CPU
		{CC25081C-E1F0-4D0D-B49B-B5DDACCC99EE}.Debug|Any CPU.Build.0 = Debug|Any CPU
		{CC25081C-E1F0-4D0D-B49B-B5DDACCC99EE}.Release|Any CPU.ActiveCfg = Release|Any CPU
		{CC25081C-E1F0-4D0D-B49B-B5DDACCC99EE}.Release|Any CPU.Build.0 = Release|Any CPU
		{B0E8E271-0B83-4B34-911B-30F271A47CA1}.Debug|Any CPU.ActiveCfg = Debug|Any CPU
		{B0E8E271-0B83-4B34-911B-30F271A47CA1}.Debug|Any CPU.Build.0 = Debug|Any CPU
		{B0E8E271-0B83-4B34-911B-30F271A47CA1}.Release|Any CPU.ActiveCfg = Release|Any CPU
		{B0E8E271-0B83-4B34-911B-30F271A47CA1}.Release|Any CPU.Build.0 = Release|Any CPU
		{0D54E40F-8BA3-4078-86D1-7B69D74FD135}.Debug|Any CPU.ActiveCfg = Debug|Any CPU
		{0D54E40F-8BA3-4078-86D1-7B69D74FD135}.Debug|Any CPU.Build.0 = Debug|Any CPU
		{0D54E40F-8BA3-4078-86D1-7B69D74FD135}.Release|Any CPU.ActiveCfg = Release|Any CPU
		{0D54E40F-8BA3-4078-86D1-7B69D74FD135}.Release|Any CPU.Build.0 = Release|Any CPU
		{D230F5DF-6925-412C-937A-390C570B42C4}.Debug|Any CPU.ActiveCfg = Debug|Any CPU
		{D230F5DF-6925-412C-937A-390C570B42C4}.Debug|Any CPU.Build.0 = Debug|Any CPU
		{D230F5DF-6925-412C-937A-390C570B42C4}.Release|Any CPU.ActiveCfg = Release|Any CPU
		{D230F5DF-6925-412C-937A-390C570B42C4}.Release|Any CPU.Build.0 = Release|Any CPU
		{2710BB2E-3416-46A5-A7AE-DC8140979382}.Debug|Any CPU.ActiveCfg = Debug|Any CPU
		{2710BB2E-3416-46A5-A7AE-DC8140979382}.Debug|Any CPU.Build.0 = Debug|Any CPU
		{2710BB2E-3416-46A5-A7AE-DC8140979382}.Release|Any CPU.ActiveCfg = Release|Any CPU
		{2710BB2E-3416-46A5-A7AE-DC8140979382}.Release|Any CPU.Build.0 = Release|Any CPU
		{E5991C41-1A59-4B21-A9AD-C6D22346C8EB}.Debug|Any CPU.ActiveCfg = Debug|Any CPU
		{E5991C41-1A59-4B21-A9AD-C6D22346C8EB}.Debug|Any CPU.Build.0 = Debug|Any CPU
		{E5991C41-1A59-4B21-A9AD-C6D22346C8EB}.Release|Any CPU.ActiveCfg = Release|Any CPU
		{E5991C41-1A59-4B21-A9AD-C6D22346C8EB}.Release|Any CPU.Build.0 = Release|Any CPU
		{B9CB6D42-290F-4AD3-860E-52F7D5988CAC}.Debug|Any CPU.ActiveCfg = Debug|Any CPU
		{B9CB6D42-290F-4AD3-860E-52F7D5988CAC}.Debug|Any CPU.Build.0 = Debug|Any CPU
		{B9CB6D42-290F-4AD3-860E-52F7D5988CAC}.Release|Any CPU.ActiveCfg = Release|Any CPU
		{B9CB6D42-290F-4AD3-860E-52F7D5988CAC}.Release|Any CPU.Build.0 = Release|Any CPU
		{C89C2242-65D6-48E2-AE89-816CCCD8482B}.Debug|Any CPU.ActiveCfg = Debug|Any CPU
		{C89C2242-65D6-48E2-AE89-816CCCD8482B}.Debug|Any CPU.Build.0 = Debug|Any CPU
		{C89C2242-65D6-48E2-AE89-816CCCD8482B}.Release|Any CPU.ActiveCfg = Release|Any CPU
		{C89C2242-65D6-48E2-AE89-816CCCD8482B}.Release|Any CPU.Build.0 = Release|Any CPU
		{6FA6F8A3-86B2-43AA-BFD3-2D3A602DDB58}.Debug|Any CPU.ActiveCfg = Debug|Any CPU
		{6FA6F8A3-86B2-43AA-BFD3-2D3A602DDB58}.Debug|Any CPU.Build.0 = Debug|Any CPU
		{6FA6F8A3-86B2-43AA-BFD3-2D3A602DDB58}.Release|Any CPU.ActiveCfg = Release|Any CPU
		{6FA6F8A3-86B2-43AA-BFD3-2D3A602DDB58}.Release|Any CPU.Build.0 = Release|Any CPU
		{2EE93E26-64EE-448A-B572-78F6B71EE3E6}.Debug|Any CPU.ActiveCfg = Debug|Any CPU
		{2EE93E26-64EE-448A-B572-78F6B71EE3E6}.Debug|Any CPU.Build.0 = Debug|Any CPU
		{2EE93E26-64EE-448A-B572-78F6B71EE3E6}.Release|Any CPU.ActiveCfg = Release|Any CPU
		{2EE93E26-64EE-448A-B572-78F6B71EE3E6}.Release|Any CPU.Build.0 = Release|Any CPU
		{863688B2-B908-476C-B8F0-8E82470E5DD6}.Debug|Any CPU.ActiveCfg = Debug|Any CPU
		{863688B2-B908-476C-B8F0-8E82470E5DD6}.Debug|Any CPU.Build.0 = Debug|Any CPU
		{863688B2-B908-476C-B8F0-8E82470E5DD6}.Release|Any CPU.ActiveCfg = Release|Any CPU
		{863688B2-B908-476C-B8F0-8E82470E5DD6}.Release|Any CPU.Build.0 = Release|Any CPU
		{1E6AFAEE-BBBF-4580-B22A-9F91F3EB4331}.Debug|Any CPU.ActiveCfg = Debug|Any CPU
		{1E6AFAEE-BBBF-4580-B22A-9F91F3EB4331}.Debug|Any CPU.Build.0 = Debug|Any CPU
		{1E6AFAEE-BBBF-4580-B22A-9F91F3EB4331}.Release|Any CPU.ActiveCfg = Release|Any CPU
		{1E6AFAEE-BBBF-4580-B22A-9F91F3EB4331}.Release|Any CPU.Build.0 = Release|Any CPU
		{88F8749F-58DB-48E4-B35D-018053659C0E}.Debug|Any CPU.ActiveCfg = Debug|Any CPU
		{88F8749F-58DB-48E4-B35D-018053659C0E}.Debug|Any CPU.Build.0 = Debug|Any CPU
		{88F8749F-58DB-48E4-B35D-018053659C0E}.Release|Any CPU.ActiveCfg = Release|Any CPU
		{88F8749F-58DB-48E4-B35D-018053659C0E}.Release|Any CPU.Build.0 = Release|Any CPU
		{87A2C243-8C7C-488C-ADE5-AB7088C64941}.Debug|Any CPU.ActiveCfg = Debug|Any CPU
		{87A2C243-8C7C-488C-ADE5-AB7088C64941}.Debug|Any CPU.Build.0 = Debug|Any CPU
		{87A2C243-8C7C-488C-ADE5-AB7088C64941}.Release|Any CPU.ActiveCfg = Release|Any CPU
		{87A2C243-8C7C-488C-ADE5-AB7088C64941}.Release|Any CPU.Build.0 = Release|Any CPU
		{95BD528F-700B-493A-978F-F1A1E92B0240}.Debug|Any CPU.ActiveCfg = Debug|Any CPU
		{95BD528F-700B-493A-978F-F1A1E92B0240}.Debug|Any CPU.Build.0 = Debug|Any CPU
		{95BD528F-700B-493A-978F-F1A1E92B0240}.Release|Any CPU.ActiveCfg = Release|Any CPU
		{95BD528F-700B-493A-978F-F1A1E92B0240}.Release|Any CPU.Build.0 = Release|Any CPU
		{16BF0873-33DD-4842-88E0-463CBD8D03A7}.Debug|Any CPU.ActiveCfg = Debug|Any CPU
		{16BF0873-33DD-4842-88E0-463CBD8D03A7}.Debug|Any CPU.Build.0 = Debug|Any CPU
		{16BF0873-33DD-4842-88E0-463CBD8D03A7}.Release|Any CPU.ActiveCfg = Release|Any CPU
		{16BF0873-33DD-4842-88E0-463CBD8D03A7}.Release|Any CPU.Build.0 = Release|Any CPU
		{1842BF3E-0F21-45FC-AB8C-2BE7A09CAB98}.Debug|Any CPU.ActiveCfg = Debug|Any CPU
		{1842BF3E-0F21-45FC-AB8C-2BE7A09CAB98}.Debug|Any CPU.Build.0 = Debug|Any CPU
		{1842BF3E-0F21-45FC-AB8C-2BE7A09CAB98}.Release|Any CPU.ActiveCfg = Release|Any CPU
		{1842BF3E-0F21-45FC-AB8C-2BE7A09CAB98}.Release|Any CPU.Build.0 = Release|Any CPU
	EndGlobalSection
	GlobalSection(SolutionProperties) = preSolution
		HideSolutionNode = FALSE
	EndGlobalSection
EndGlobal
